// !$*UTF8*$!
{
	archiveVersion = 1;
	classes = {
	};
	objectVersion = 56;
	objects = {

/* Begin PBXBuildFile section */
		116A59592A00E38700ABD5BB /* Metro_ManhuntApp.swift in Sources */ = {isa = PBXBuildFile; fileRef = 116A59582A00E38700ABD5BB /* Metro_ManhuntApp.swift */; };
		116A595B2A00E38700ABD5BB /* ContentView.swift in Sources */ = {isa = PBXBuildFile; fileRef = 116A595A2A00E38700ABD5BB /* ContentView.swift */; };
		116A595D2A00E38800ABD5BB /* Assets.xcassets in Resources */ = {isa = PBXBuildFile; fileRef = 116A595C2A00E38800ABD5BB /* Assets.xcassets */; };
		116A59602A00E38800ABD5BB /* Preview Assets.xcassets in Resources */ = {isa = PBXBuildFile; fileRef = 116A595F2A00E38800ABD5BB /* Preview Assets.xcassets */; };
		11E30FA52A5D3E7000910FCF /* WebRTCManager.swift in Sources */ = {isa = PBXBuildFile; fileRef = 11E30FA42A5D3E7000910FCF /* WebRTCManager.swift */; };
		11E30FA82A5D3F5F00910FCF /* WebRTC in Frameworks */ = {isa = PBXBuildFile; productRef = 11E30FA72A5D3F5F00910FCF /* WebRTC */; };
		11E30FAB2A5D42AB00910FCF /* WebSocket in Frameworks */ = {isa = PBXBuildFile; productRef = 11E30FAA2A5D42AB00910FCF /* WebSocket */; };
		11E30FAE2A5D445C00910FCF /* Starscream in Frameworks */ = {isa = PBXBuildFile; productRef = 11E30FAD2A5D445C00910FCF /* Starscream */; };
/* End PBXBuildFile section */

/* Begin PBXFileReference section */
		116A59552A00E38700ABD5BB /* Metro_Manhunt.app */ = {isa = PBXFileReference; explicitFileType = wrapper.application; includeInIndex = 0; path = Metro_Manhunt.app; sourceTree = BUILT_PRODUCTS_DIR; };
		116A59582A00E38700ABD5BB /* Metro_ManhuntApp.swift */ = {isa = PBXFileReference; lastKnownFileType = sourcecode.swift; path = Metro_ManhuntApp.swift; sourceTree = "<group>"; };
		116A595A2A00E38700ABD5BB /* ContentView.swift */ = {isa = PBXFileReference; lastKnownFileType = sourcecode.swift; path = ContentView.swift; sourceTree = "<group>"; };
		116A595C2A00E38800ABD5BB /* Assets.xcassets */ = {isa = PBXFileReference; lastKnownFileType = folder.assetcatalog; path = Assets.xcassets; sourceTree = "<group>"; };
		116A595F2A00E38800ABD5BB /* Preview Assets.xcassets */ = {isa = PBXFileReference; lastKnownFileType = folder.assetcatalog; path = "Preview Assets.xcassets"; sourceTree = "<group>"; };
		11E30FA42A5D3E7000910FCF /* WebRTCManager.swift */ = {isa = PBXFileReference; lastKnownFileType = sourcecode.swift; path = WebRTCManager.swift; sourceTree = "<group>"; };
/* End PBXFileReference section */

/* Begin PBXFrameworksBuildPhase section */
		116A59522A00E38700ABD5BB /* Frameworks */ = {
			isa = PBXFrameworksBuildPhase;
			buildActionMask = 2147483647;
			files = (
				11E30FAB2A5D42AB00910FCF /* WebSocket in Frameworks */,
				11E30FA82A5D3F5F00910FCF /* WebRTC in Frameworks */,
				11E30FAE2A5D445C00910FCF /* Starscream in Frameworks */,
			);
			runOnlyForDeploymentPostprocessing = 0;
		};
/* End PBXFrameworksBuildPhase section */

/* Begin PBXGroup section */
		116A594C2A00E38700ABD5BB = {
			isa = PBXGroup;
			children = (
				116A59572A00E38700ABD5BB /* Metro_Manhunt */,
				116A59562A00E38700ABD5BB /* Products */,
			);
			sourceTree = "<group>";
		};
		116A59562A00E38700ABD5BB /* Products */ = {
			isa = PBXGroup;
			children = (
				116A59552A00E38700ABD5BB /* Metro_Manhunt.app */,
			);
			name = Products;
			sourceTree = "<group>";
		};
		116A59572A00E38700ABD5BB /* Metro_Manhunt */ = {
			isa = PBXGroup;
			children = (
				116A59582A00E38700ABD5BB /* Metro_ManhuntApp.swift */,
				116A595A2A00E38700ABD5BB /* ContentView.swift */,
				116A595C2A00E38800ABD5BB /* Assets.xcassets */,
				116A595E2A00E38800ABD5BB /* Preview Content */,
				11E30FA42A5D3E7000910FCF /* WebRTCManager.swift */,
			);
			path = Metro_Manhunt;
			sourceTree = "<group>";
		};
		116A595E2A00E38800ABD5BB /* Preview Content */ = {
			isa = PBXGroup;
			children = (
				116A595F2A00E38800ABD5BB /* Preview Assets.xcassets */,
			);
			path = "Preview Content";
			sourceTree = "<group>";
		};
/* End PBXGroup section */

/* Begin PBXNativeTarget section */
		116A59542A00E38700ABD5BB /* Metro_Manhunt */ = {
			isa = PBXNativeTarget;
			buildConfigurationList = 116A59632A00E38800ABD5BB /* Build configuration list for PBXNativeTarget "Metro_Manhunt" */;
			buildPhases = (
				116A59512A00E38700ABD5BB /* Sources */,
				116A59522A00E38700ABD5BB /* Frameworks */,
				116A59532A00E38700ABD5BB /* Resources */,
			);
			buildRules = (
			);
			dependencies = (
			);
			name = Metro_Manhunt;
			packageProductDependencies = (
				11E30FA72A5D3F5F00910FCF /* WebRTC */,
				11E30FAA2A5D42AB00910FCF /* WebSocket */,
				11E30FAD2A5D445C00910FCF /* Starscream */,
			);
			productName = Metro_Manhunt;
			productReference = 116A59552A00E38700ABD5BB /* Metro_Manhunt.app */;
			productType = "com.apple.product-type.application";
		};
/* End PBXNativeTarget section */

/* Begin PBXProject section */
		116A594D2A00E38700ABD5BB /* Project object */ = {
			isa = PBXProject;
			attributes = {
				BuildIndependentTargetsInParallel = 1;
				LastSwiftUpdateCheck = 1430;
				LastUpgradeCheck = 1430;
				TargetAttributes = {
					116A59542A00E38700ABD5BB = {
						CreatedOnToolsVersion = 14.3;
					};
				};
			};
			buildConfigurationList = 116A59502A00E38700ABD5BB /* Build configuration list for PBXProject "Metro_Manhunt" */;
			compatibilityVersion = "Xcode 14.0";
			developmentRegion = en;
			hasScannedForEncodings = 0;
			knownRegions = (
				en,
				Base,
			);
			mainGroup = 116A594C2A00E38700ABD5BB;
			packageReferences = (
				11E30FA62A5D3F5F00910FCF /* XCRemoteSwiftPackageReference "WebRTC" */,
				11E30FA92A5D42AB00910FCF /* XCRemoteSwiftPackageReference "websocket-apple" */,
				11E30FAC2A5D445C00910FCF /* XCRemoteSwiftPackageReference "Starscream" */,
			);
			productRefGroup = 116A59562A00E38700ABD5BB /* Products */;
			projectDirPath = "";
			projectRoot = "";
			targets = (
				116A59542A00E38700ABD5BB /* Metro_Manhunt */,
			);
		};
/* End PBXProject section */

/* Begin PBXResourcesBuildPhase section */
		116A59532A00E38700ABD5BB /* Resources */ = {
			isa = PBXResourcesBuildPhase;
			buildActionMask = 2147483647;
			files = (
				116A59602A00E38800ABD5BB /* Preview Assets.xcassets in Resources */,
				116A595D2A00E38800ABD5BB /* Assets.xcassets in Resources */,
			);
			runOnlyForDeploymentPostprocessing = 0;
		};
/* End PBXResourcesBuildPhase section */

/* Begin PBXSourcesBuildPhase section */
		116A59512A00E38700ABD5BB /* Sources */ = {
			isa = PBXSourcesBuildPhase;
			buildActionMask = 2147483647;
			files = (
				116A595B2A00E38700ABD5BB /* ContentView.swift in Sources */,
				11E30FA52A5D3E7000910FCF /* WebRTCManager.swift in Sources */,
				116A59592A00E38700ABD5BB /* Metro_ManhuntApp.swift in Sources */,
			);
			runOnlyForDeploymentPostprocessing = 0;
		};
/* End PBXSourcesBuildPhase section */

/* Begin XCBuildConfiguration section */
		116A59612A00E38800ABD5BB /* Debug */ = {
			isa = XCBuildConfiguration;
			buildSettings = {
				ALWAYS_SEARCH_USER_PATHS = NO;
				CLANG_ANALYZER_NONNULL = YES;
				CLANG_ANALYZER_NUMBER_OBJECT_CONVERSION = YES_AGGRESSIVE;
				CLANG_CXX_LANGUAGE_STANDARD = "gnu++20";
				CLANG_ENABLE_MODULES = YES;
				CLANG_ENABLE_OBJC_ARC = YES;
				CLANG_ENABLE_OBJC_WEAK = YES;
				CLANG_WARN_BLOCK_CAPTURE_AUTORELEASING = YES;
				CLANG_WARN_BOOL_CONVERSION = YES;
				CLANG_WARN_COMMA = YES;
				CLANG_WARN_CONSTANT_CONVERSION = YES;
				CLANG_WARN_DEPRECATED_OBJC_IMPLEMENTATIONS = YES;
				CLANG_WARN_DIRECT_OBJC_ISA_USAGE = YES_ERROR;
				CLANG_WARN_DOCUMENTATION_COMMENTS = YES;
				CLANG_WARN_EMPTY_BODY = YES;
				CLANG_WARN_ENUM_CONVERSION = YES;
				CLANG_WARN_INFINITE_RECURSION = YES;
				CLANG_WARN_INT_CONVERSION = YES;
				CLANG_WARN_NON_LITERAL_NULL_CONVERSION = YES;
				CLANG_WARN_OBJC_IMPLICIT_RETAIN_SELF = YES;
				CLANG_WARN_OBJC_LITERAL_CONVERSION = YES;
				CLANG_WARN_OBJC_ROOT_CLASS = YES_ERROR;
				CLANG_WARN_QUOTED_INCLUDE_IN_FRAMEWORK_HEADER = YES;
				CLANG_WARN_RANGE_LOOP_ANALYSIS = YES;
				CLANG_WARN_STRICT_PROTOTYPES = YES;
				CLANG_WARN_SUSPICIOUS_MOVE = YES;
				CLANG_WARN_UNGUARDED_AVAILABILITY = YES_AGGRESSIVE;
				CLANG_WARN_UNREACHABLE_CODE = YES;
				CLANG_WARN__DUPLICATE_METHOD_MATCH = YES;
				COPY_PHASE_STRIP = NO;
				DEBUG_INFORMATION_FORMAT = dwarf;
				ENABLE_STRICT_OBJC_MSGSEND = YES;
				ENABLE_TESTABILITY = YES;
				GCC_C_LANGUAGE_STANDARD = gnu11;
				GCC_DYNAMIC_NO_PIC = NO;
				GCC_NO_COMMON_BLOCKS = YES;
				GCC_OPTIMIZATION_LEVEL = 0;
				GCC_PREPROCESSOR_DEFINITIONS = (
					"DEBUG=1",
					"$(inherited)",
				);
				GCC_WARN_64_TO_32_BIT_CONVERSION = YES;
				GCC_WARN_ABOUT_RETURN_TYPE = YES_ERROR;
				GCC_WARN_UNDECLARED_SELECTOR = YES;
				GCC_WARN_UNINITIALIZED_AUTOS = YES_AGGRESSIVE;
				GCC_WARN_UNUSED_FUNCTION = YES;
				GCC_WARN_UNUSED_VARIABLE = YES;
				IPHONEOS_DEPLOYMENT_TARGET = 16.4;
				MTL_ENABLE_DEBUG_INFO = INCLUDE_SOURCE;
				MTL_FAST_MATH = YES;
				ONLY_ACTIVE_ARCH = YES;
				SDKROOT = iphoneos;
				SWIFT_ACTIVE_COMPILATION_CONDITIONS = DEBUG;
				SWIFT_OPTIMIZATION_LEVEL = "-Onone";
			};
			name = Debug;
		};
		116A59622A00E38800ABD5BB /* Release */ = {
			isa = XCBuildConfiguration;
			buildSettings = {
				ALWAYS_SEARCH_USER_PATHS = NO;
				CLANG_ANALYZER_NONNULL = YES;
				CLANG_ANALYZER_NUMBER_OBJECT_CONVERSION = YES_AGGRESSIVE;
				CLANG_CXX_LANGUAGE_STANDARD = "gnu++20";
				CLANG_ENABLE_MODULES = YES;
				CLANG_ENABLE_OBJC_ARC = YES;
				CLANG_ENABLE_OBJC_WEAK = YES;
				CLANG_WARN_BLOCK_CAPTURE_AUTORELEASING = YES;
				CLANG_WARN_BOOL_CONVERSION = YES;
				CLANG_WARN_COMMA = YES;
				CLANG_WARN_CONSTANT_CONVERSION = YES;
				CLANG_WARN_DEPRECATED_OBJC_IMPLEMENTATIONS = YES;
				CLANG_WARN_DIRECT_OBJC_ISA_USAGE = YES_ERROR;
				CLANG_WARN_DOCUMENTATION_COMMENTS = YES;
				CLANG_WARN_EMPTY_BODY = YES;
				CLANG_WARN_ENUM_CONVERSION = YES;
				CLANG_WARN_INFINITE_RECURSION = YES;
				CLANG_WARN_INT_CONVERSION = YES;
				CLANG_WARN_NON_LITERAL_NULL_CONVERSION = YES;
				CLANG_WARN_OBJC_IMPLICIT_RETAIN_SELF = YES;
				CLANG_WARN_OBJC_LITERAL_CONVERSION = YES;
				CLANG_WARN_OBJC_ROOT_CLASS = YES_ERROR;
				CLANG_WARN_QUOTED_INCLUDE_IN_FRAMEWORK_HEADER = YES;
				CLANG_WARN_RANGE_LOOP_ANALYSIS = YES;
				CLANG_WARN_STRICT_PROTOTYPES = YES;
				CLANG_WARN_SUSPICIOUS_MOVE = YES;
				CLANG_WARN_UNGUARDED_AVAILABILITY = YES_AGGRESSIVE;
				CLANG_WARN_UNREACHABLE_CODE = YES;
				CLANG_WARN__DUPLICATE_METHOD_MATCH = YES;
				COPY_PHASE_STRIP = NO;
				DEBUG_INFORMATION_FORMAT = "dwarf-with-dsym";
				ENABLE_NS_ASSERTIONS = NO;
				ENABLE_STRICT_OBJC_MSGSEND = YES;
				GCC_C_LANGUAGE_STANDARD = gnu11;
				GCC_NO_COMMON_BLOCKS = YES;
				GCC_WARN_64_TO_32_BIT_CONVERSION = YES;
				GCC_WARN_ABOUT_RETURN_TYPE = YES_ERROR;
				GCC_WARN_UNDECLARED_SELECTOR = YES;
				GCC_WARN_UNINITIALIZED_AUTOS = YES_AGGRESSIVE;
				GCC_WARN_UNUSED_FUNCTION = YES;
				GCC_WARN_UNUSED_VARIABLE = YES;
				IPHONEOS_DEPLOYMENT_TARGET = 16.4;
				MTL_ENABLE_DEBUG_INFO = NO;
				MTL_FAST_MATH = YES;
				SDKROOT = iphoneos;
				SWIFT_COMPILATION_MODE = wholemodule;
				SWIFT_OPTIMIZATION_LEVEL = "-O";
				VALIDATE_PRODUCT = YES;
			};
			name = Release;
		};
		116A59642A00E38800ABD5BB /* Debug */ = {
			isa = XCBuildConfiguration;
			buildSettings = {
				ASSETCATALOG_COMPILER_APPICON_NAME = AppIcon;
				ASSETCATALOG_COMPILER_GLOBAL_ACCENT_COLOR_NAME = AccentColor;
				CODE_SIGN_STYLE = Automatic;
				CURRENT_PROJECT_VERSION = 1;
				DEVELOPMENT_ASSET_PATHS = "\"Metro_Manhunt/Preview Content\"";
				ENABLE_PREVIEWS = YES;
				GENERATE_INFOPLIST_FILE = YES;
				INFOPLIST_KEY_UIApplicationSceneManifest_Generation = YES;
				INFOPLIST_KEY_UIApplicationSupportsIndirectInputEvents = YES;
				INFOPLIST_KEY_UILaunchScreen_Generation = YES;
				INFOPLIST_KEY_UISupportedInterfaceOrientations_iPad = "UIInterfaceOrientationPortrait UIInterfaceOrientationPortraitUpsideDown UIInterfaceOrientationLandscapeLeft UIInterfaceOrientationLandscapeRight";
				INFOPLIST_KEY_UISupportedInterfaceOrientations_iPhone = "UIInterfaceOrientationPortrait UIInterfaceOrientationLandscapeLeft UIInterfaceOrientationLandscapeRight";
				LD_RUNPATH_SEARCH_PATHS = (
					"$(inherited)",
					"@executable_path/Frameworks",
				);
				MARKETING_VERSION = 1.0;
				PRODUCT_BUNDLE_IDENTIFIER = "Envope.Metro-Manhunt";
				PRODUCT_NAME = "$(TARGET_NAME)";
				SWIFT_EMIT_LOC_STRINGS = YES;
				SWIFT_VERSION = 5.0;
				TARGETED_DEVICE_FAMILY = "1,2";
			};
			name = Debug;
		};
		116A59652A00E38800ABD5BB /* Release */ = {
			isa = XCBuildConfiguration;
			buildSettings = {
				ASSETCATALOG_COMPILER_APPICON_NAME = AppIcon;
				ASSETCATALOG_COMPILER_GLOBAL_ACCENT_COLOR_NAME = AccentColor;
				CODE_SIGN_STYLE = Automatic;
				CURRENT_PROJECT_VERSION = 1;
				DEVELOPMENT_ASSET_PATHS = "\"Metro_Manhunt/Preview Content\"";
				ENABLE_PREVIEWS = YES;
				GENERATE_INFOPLIST_FILE = YES;
				INFOPLIST_KEY_UIApplicationSceneManifest_Generation = YES;
				INFOPLIST_KEY_UIApplicationSupportsIndirectInputEvents = YES;
				INFOPLIST_KEY_UILaunchScreen_Generation = YES;
				INFOPLIST_KEY_UISupportedInterfaceOrientations_iPad = "UIInterfaceOrientationPortrait UIInterfaceOrientationPortraitUpsideDown UIInterfaceOrientationLandscapeLeft UIInterfaceOrientationLandscapeRight";
				INFOPLIST_KEY_UISupportedInterfaceOrientations_iPhone = "UIInterfaceOrientationPortrait UIInterfaceOrientationLandscapeLeft UIInterfaceOrientationLandscapeRight";
				LD_RUNPATH_SEARCH_PATHS = (
					"$(inherited)",
					"@executable_path/Frameworks",
				);
				MARKETING_VERSION = 1.0;
				PRODUCT_BUNDLE_IDENTIFIER = "Envope.Metro-Manhunt";
				PRODUCT_NAME = "$(TARGET_NAME)";
				SWIFT_EMIT_LOC_STRINGS = YES;
				SWIFT_VERSION = 5.0;
				TARGETED_DEVICE_FAMILY = "1,2";
			};
			name = Release;
		};
/* End XCBuildConfiguration section */

/* Begin XCConfigurationList section */
		116A59502A00E38700ABD5BB /* Build configuration list for PBXProject "Metro_Manhunt" */ = {
			isa = XCConfigurationList;
			buildConfigurations = (
				116A59612A00E38800ABD5BB /* Debug */,
				116A59622A00E38800ABD5BB /* Release */,
			);
			defaultConfigurationIsVisible = 0;
			defaultConfigurationName = Release;
		};
		116A59632A00E38800ABD5BB /* Build configuration list for PBXNativeTarget "Metro_Manhunt" */ = {
			isa = XCConfigurationList;
			buildConfigurations = (
				116A59642A00E38800ABD5BB /* Debug */,
				116A59652A00E38800ABD5BB /* Release */,
			);
			defaultConfigurationIsVisible = 0;
			defaultConfigurationName = Release;
		};
/* End XCConfigurationList section */

/* Begin XCRemoteSwiftPackageReference section */
		11E30FA62A5D3F5F00910FCF /* XCRemoteSwiftPackageReference "WebRTC" */ = {
			isa = XCRemoteSwiftPackageReference;
			repositoryURL = "https://github.com/stasel/WebRTC.git";
			requirement = {
				kind = upToNextMajorVersion;
				minimumVersion = 114.0.0;
			};
		};
		11E30FA92A5D42AB00910FCF /* XCRemoteSwiftPackageReference "websocket-apple" */ = {
			isa = XCRemoteSwiftPackageReference;
			repositoryURL = "https://github.com/shareup/websocket-apple.git";
			requirement = {
				branch = main;
				kind = branch;
			};
		};
		11E30FAC2A5D445C00910FCF /* XCRemoteSwiftPackageReference "Starscream" */ = {
			isa = XCRemoteSwiftPackageReference;
			repositoryURL = "https://github.com/daltoniam/Starscream.git";
			requirement = {
				kind = upToNextMajorVersion;
				minimumVersion = 4.0.0;
			};
		};
/* End XCRemoteSwiftPackageReference section */

/* Begin XCSwiftPackageProductDependency section */
		11E30FA72A5D3F5F00910FCF /* WebRTC */ = {
			isa = XCSwiftPackageProductDependency;
			package = 11E30FA62A5D3F5F00910FCF /* XCRemoteSwiftPackageReference "WebRTC" */;
			productName = WebRTC;
		};
		11E30FAA2A5D42AB00910FCF /* WebSocket */ = {
			isa = XCSwiftPackageProductDependency;
			package = 11E30FA92A5D42AB00910FCF /* XCRemoteSwiftPackageReference "websocket-apple" */;
			productName = WebSocket;
		};
		11E30FAD2A5D445C00910FCF /* Starscream */ = {
			isa = XCSwiftPackageProductDependency;
			package = 11E30FAC2A5D445C00910FCF /* XCRemoteSwiftPackageReference "Starscream" */;
			productName = Starscream;
		};
/* End XCSwiftPackageProductDependency section */
	};
	rootObject = 116A594D2A00E38700ABD5BB /* Project object */;
}
